// !$*UTF8*$!
{
	archiveVersion = 1;
	classes = {
	};
	objectVersion = 56;
	objects = {

/* Begin PBXBuildFile section */
		9E03DCF3298D1C66006381E5 /* AppDelegate.swift in Sources */ = {isa = PBXBuildFile; fileRef = 9E03DCF2298D1C66006381E5 /* AppDelegate.swift */; };
		9E03DCF5298D1C66006381E5 /* SceneDelegate.swift in Sources */ = {isa = PBXBuildFile; fileRef = 9E03DCF4298D1C66006381E5 /* SceneDelegate.swift */; };
		9E03DCFC298D1C69006381E5 /* Assets.xcassets in Resources */ = {isa = PBXBuildFile; fileRef = 9E03DCFB298D1C69006381E5 /* Assets.xcassets */; };
		9E03DCFF298D1C69006381E5 /* LaunchScreen.storyboard in Resources */ = {isa = PBXBuildFile; fileRef = 9E03DCFD298D1C69006381E5 /* LaunchScreen.storyboard */; };
		9E66B33029909BB500D22126 /* BaseFrame.framework in Frameworks */ = {isa = PBXBuildFile; fileRef = 9E66B32D29909B6100D22126 /* BaseFrame.framework */; };
		9E66B33129909BB500D22126 /* BaseFrame.framework in Embed Frameworks */ = {isa = PBXBuildFile; fileRef = 9E66B32D29909B6100D22126 /* BaseFrame.framework */; settings = {ATTRIBUTES = (CodeSignOnCopy, RemoveHeadersOnCopy, ); }; };
		9E66B33429909D7C00D22126 /* reuseIdentifier.swift in Sources */ = {isa = PBXBuildFile; fileRef = 9E66B33329909D7C00D22126 /* reuseIdentifier.swift */; };
		9EB5CE9A298D375F005B4A7C /* TabbarController.swift in Sources */ = {isa = PBXBuildFile; fileRef = 9EB5CE99298D375F005B4A7C /* TabbarController.swift */; };
		9EB5CE9C298D37A2005B4A7C /* MainViewController.swift in Sources */ = {isa = PBXBuildFile; fileRef = 9EB5CE9B298D37A2005B4A7C /* MainViewController.swift */; };
		9EB5CE9E298D37AF005B4A7C /* SearchViewController.swift in Sources */ = {isa = PBXBuildFile; fileRef = 9EB5CE9D298D37AF005B4A7C /* SearchViewController.swift */; };
		9EB5CEA0298D37C4005B4A7C /* DiaryViewController.swift in Sources */ = {isa = PBXBuildFile; fileRef = 9EB5CE9F298D37C4005B4A7C /* DiaryViewController.swift */; };
		9EB5CEA2298D3CBB005B4A7C /* Color.swift in Sources */ = {isa = PBXBuildFile; fileRef = 9EB5CEA1298D3CBB005B4A7C /* Color.swift */; };
		9EB5CEA4298D3D71005B4A7C /* SettingViewController.swift in Sources */ = {isa = PBXBuildFile; fileRef = 9EB5CEA3298D3D71005B4A7C /* SettingViewController.swift */; };
		9EB5CEAC298D3E50005B4A7C /* MainView.swift in Sources */ = {isa = PBXBuildFile; fileRef = 9EB5CEAB298D3E50005B4A7C /* MainView.swift */; };
		9EB5CF02298DEEE4005B4A7C /* SearchView.swift in Sources */ = {isa = PBXBuildFile; fileRef = 9EB5CF01298DEEE4005B4A7C /* SearchView.swift */; };
		9EB5CF04298DEF04005B4A7C /* DiaryView.swift in Sources */ = {isa = PBXBuildFile; fileRef = 9EB5CF03298DEF04005B4A7C /* DiaryView.swift */; };
		9EB5CF07298DEF48005B4A7C /* FSCalendar in Frameworks */ = {isa = PBXBuildFile; productRef = 9EB5CF06298DEF48005B4A7C /* FSCalendar */; };
		9EB5CF0A298DEFDF005B4A7C /* SnapKit in Frameworks */ = {isa = PBXBuildFile; productRef = 9EB5CF09298DEFDF005B4A7C /* SnapKit */; };
		9EB5CF0D298E1FA3005B4A7C /* DetailView.swift in Sources */ = {isa = PBXBuildFile; fileRef = 9EB5CF0C298E1FA3005B4A7C /* DetailView.swift */; };
		9EB5CF0F298E1FAE005B4A7C /* DetailViewController.swift in Sources */ = {isa = PBXBuildFile; fileRef = 9EB5CF0E298E1FAE005B4A7C /* DetailViewController.swift */; };
		9EB5CF15298E30D2005B4A7C /* DiaryEditViewController.swift in Sources */ = {isa = PBXBuildFile; fileRef = 9EB5CF14298E30D2005B4A7C /* DiaryEditViewController.swift */; };
		9EB5CF17298E30E1005B4A7C /* DiaryEditView.swift in Sources */ = {isa = PBXBuildFile; fileRef = 9EB5CF16298E30E0005B4A7C /* DiaryEditView.swift */; };
		9EB5CF19298E30EC005B4A7C /* DiaryDetailView.swift in Sources */ = {isa = PBXBuildFile; fileRef = 9EB5CF18298E30EC005B4A7C /* DiaryDetailView.swift */; };
		9EB5CF1B298E30F7005B4A7C /* DiaryDetailViewController.swift in Sources */ = {isa = PBXBuildFile; fileRef = 9EB5CF1A298E30F7005B4A7C /* DiaryDetailViewController.swift */; };
		9EB5CF1F298E4C96005B4A7C /* .gitignore in Resources */ = {isa = PBXBuildFile; fileRef = 9EB5CF1E298E4C96005B4A7C /* .gitignore */; };
		9EB5CF23298E4CE6005B4A7C /* APIKey.swift in Sources */ = {isa = PBXBuildFile; fileRef = 9EB5CF22298E4CE6005B4A7C /* APIKey.swift */; };
		9EB5CF25298E50E5005B4A7C /* Endpoint.swift in Sources */ = {isa = PBXBuildFile; fileRef = 9EB5CF24298E50E5005B4A7C /* Endpoint.swift */; };
		9EB5CF2A298E6CFC005B4A7C /* XMLParsing.swift in Sources */ = {isa = PBXBuildFile; fileRef = 9EB5CF29298E6CFC005B4A7C /* XMLParsing.swift */; };
		9EB5CF2D298E6D54005B4A7C /* LaunchViewController.swift in Sources */ = {isa = PBXBuildFile; fileRef = 9EB5CF2C298E6D54005B4A7C /* LaunchViewController.swift */; };
		9EB5CF2F298E6D63005B4A7C /* LaunchView.swift in Sources */ = {isa = PBXBuildFile; fileRef = 9EB5CF2E298E6D63005B4A7C /* LaunchView.swift */; };
		9EB5CF34298E6F7E005B4A7C /* MountainModel.swift in Sources */ = {isa = PBXBuildFile; fileRef = 9EB5CF33298E6F7E005B4A7C /* MountainModel.swift */; };
		9EB5CF3A298F98B5005B4A7C /* OnboardViewController.swift in Sources */ = {isa = PBXBuildFile; fileRef = 9EB5CF39298F98B5005B4A7C /* OnboardViewController.swift */; };
		9EB5CF3F298FA1EF005B4A7C /* UIOnboarding in Frameworks */ = {isa = PBXBuildFile; productRef = 9EB5CF3E298FA1EF005B4A7C /* UIOnboarding */; };
		9EB5CF41298FA348005B4A7C /* OnboardingHelper.swift in Sources */ = {isa = PBXBuildFile; fileRef = 9EB5CF40298FA348005B4A7C /* OnboardingHelper.swift */; };
		9EB5CF43298FC352005B4A7C /* UIViewController+Extension.swift in Sources */ = {isa = PBXBuildFile; fileRef = 9EB5CF42298FC352005B4A7C /* UIViewController+Extension.swift */; };
		9EB5CF46298FC437005B4A7C /* Toast in Frameworks */ = {isa = PBXBuildFile; productRef = 9EB5CF45298FC437005B4A7C /* Toast */; };
		9EB5CF4E298FDA1F005B4A7C /* NVActivityIndicatorView in Frameworks */ = {isa = PBXBuildFile; productRef = 9EB5CF4D298FDA1F005B4A7C /* NVActivityIndicatorView */; };
		9EB5CF51298FEBEA005B4A7C /* Realm in Frameworks */ = {isa = PBXBuildFile; productRef = 9EB5CF50298FEBEA005B4A7C /* Realm */; };
		9EB5CF53298FEBEA005B4A7C /* RealmSwift in Frameworks */ = {isa = PBXBuildFile; productRef = 9EB5CF52298FEBEA005B4A7C /* RealmSwift */; };
		9EB5CF55298FEC12005B4A7C /* Mountain.swift in Sources */ = {isa = PBXBuildFile; fileRef = 9EB5CF54298FEC12005B4A7C /* Mountain.swift */; };
		9EB5CF58298FEDD2005B4A7C /* SetUserdefaults.swift in Sources */ = {isa = PBXBuildFile; fileRef = 9EB5CF57298FEDD2005B4A7C /* SetUserdefaults.swift */; };
		9EB5CF5F2990726D005B4A7C /* HomeSection.swift in Sources */ = {isa = PBXBuildFile; fileRef = 9EB5CF5E2990726D005B4A7C /* HomeSection.swift */; };
		9EB5CF6229907A75005B4A7C /* FirstCollectionViewCell.swift in Sources */ = {isa = PBXBuildFile; fileRef = 9EB5CF6129907A75005B4A7C /* FirstCollectionViewCell.swift */; };
		9EB5CF6429907A7E005B4A7C /* SecondCollectionViewCell.swift in Sources */ = {isa = PBXBuildFile; fileRef = 9EB5CF6329907A7E005B4A7C /* SecondCollectionViewCell.swift */; };
		9EB5CF6629907A8E005B4A7C /* ThirdCollectionViewCell.swift in Sources */ = {isa = PBXBuildFile; fileRef = 9EB5CF6529907A8E005B4A7C /* ThirdCollectionViewCell.swift */; };
		9EC5C10A2990DE8600B93BCB /* nearbyDetailViewController.swift in Sources */ = {isa = PBXBuildFile; fileRef = 9EC5C1092990DE8600B93BCB /* nearbyDetailViewController.swift */; };
		9EC5C10C2990DE9600B93BCB /* nearbyDetailView.swift in Sources */ = {isa = PBXBuildFile; fileRef = 9EC5C10B2990DE9600B93BCB /* nearbyDetailView.swift */; };
		9EC5C10E2990DEB500B93BCB /* nearDetailCollectionViewCell.swift in Sources */ = {isa = PBXBuildFile; fileRef = 9EC5C10D2990DEB500B93BCB /* nearDetailCollectionViewCell.swift */; };
		9EC5C1102990DF5200B93BCB /* Font.swift in Sources */ = {isa = PBXBuildFile; fileRef = 9EC5C10F2990DF5200B93BCB /* Font.swift */; };
		9EC5C1132990E51C00B93BCB /* HeaderView.swift in Sources */ = {isa = PBXBuildFile; fileRef = 9EC5C1122990E51C00B93BCB /* HeaderView.swift */; };
		9EC5C1182991D6F600B93BCB /* Constant.swift in Sources */ = {isa = PBXBuildFile; fileRef = 9EC5C1172991D6F600B93BCB /* Constant.swift */; };
		9EC5C11A2991ED1800B93BCB /* DetailTableViewCell.swift in Sources */ = {isa = PBXBuildFile; fileRef = 9EC5C1192991ED1800B93BCB /* DetailTableViewCell.swift */; };
		9EC5C11F29921E9500B93BCB /* CoreLocationExtension.swift in Sources */ = {isa = PBXBuildFile; fileRef = 9EC5C11E29921E9500B93BCB /* CoreLocationExtension.swift */; };
		9EC5C12429922D9F00B93BCB /* MountainRepository.swift in Sources */ = {isa = PBXBuildFile; fileRef = 9EC5C12329922D9F00B93BCB /* MountainRepository.swift */; };
		9EC5C1272993901800B93BCB /* SecondLaunchViewController.swift in Sources */ = {isa = PBXBuildFile; fileRef = 9EC5C1262993901800B93BCB /* SecondLaunchViewController.swift */; };
		9EC5C1292993902600B93BCB /* SecondLaunchView.swift in Sources */ = {isa = PBXBuildFile; fileRef = 9EC5C1282993902500B93BCB /* SecondLaunchView.swift */; };
/* End PBXBuildFile section */

/* Begin PBXContainerItemProxy section */
		9E66B32C29909B6100D22126 /* PBXContainerItemProxy */ = {
			isa = PBXContainerItemProxy;
			containerPortal = 9E66B32729909B6100D22126 /* BaseFrame.xcodeproj */;
			proxyType = 2;
			remoteGlobalIDString = 9E84525129908B43003B3090;
			remoteInfo = BaseFrame;
		};
		9E66B32E29909B6100D22126 /* PBXContainerItemProxy */ = {
			isa = PBXContainerItemProxy;
			containerPortal = 9E66B32729909B6100D22126 /* BaseFrame.xcodeproj */;
			proxyType = 2;
			remoteGlobalIDString = 9E84525B29908B43003B3090;
			remoteInfo = BaseFrameTests;
		};
/* End PBXContainerItemProxy section */

/* Begin PBXCopyFilesBuildPhase section */
		9EB5CF00298D448D005B4A7C /* Embed Frameworks */ = {
			isa = PBXCopyFilesBuildPhase;
			buildActionMask = 2147483647;
			dstPath = "";
			dstSubfolderSpec = 10;
			files = (
				9E66B33129909BB500D22126 /* BaseFrame.framework in Embed Frameworks */,
			);
			name = "Embed Frameworks";
			runOnlyForDeploymentPostprocessing = 0;
		};
/* End PBXCopyFilesBuildPhase section */

/* Begin PBXFileReference section */
		9E03DCEF298D1C66006381E5 /* Sandeul.app */ = {isa = PBXFileReference; explicitFileType = wrapper.application; includeInIndex = 0; path = Sandeul.app; sourceTree = BUILT_PRODUCTS_DIR; };
		9E03DCF2298D1C66006381E5 /* AppDelegate.swift */ = {isa = PBXFileReference; lastKnownFileType = sourcecode.swift; path = AppDelegate.swift; sourceTree = "<group>"; };
		9E03DCF4298D1C66006381E5 /* SceneDelegate.swift */ = {isa = PBXFileReference; lastKnownFileType = sourcecode.swift; path = SceneDelegate.swift; sourceTree = "<group>"; };
		9E03DCFB298D1C69006381E5 /* Assets.xcassets */ = {isa = PBXFileReference; lastKnownFileType = folder.assetcatalog; path = Assets.xcassets; sourceTree = "<group>"; };
		9E03DCFE298D1C69006381E5 /* Base */ = {isa = PBXFileReference; lastKnownFileType = file.storyboard; name = Base; path = Base.lproj/LaunchScreen.storyboard; sourceTree = "<group>"; };
		9E03DD00298D1C69006381E5 /* Info.plist */ = {isa = PBXFileReference; lastKnownFileType = text.plist.xml; path = Info.plist; sourceTree = "<group>"; };
		9E66B32729909B6100D22126 /* BaseFrame.xcodeproj */ = {isa = PBXFileReference; lastKnownFileType = "wrapper.pb-project"; name = BaseFrame.xcodeproj; path = BaseFrame/BaseFrame.xcodeproj; sourceTree = SOURCE_ROOT; };
		9E66B33329909D7C00D22126 /* reuseIdentifier.swift */ = {isa = PBXFileReference; lastKnownFileType = sourcecode.swift; path = reuseIdentifier.swift; sourceTree = "<group>"; };
		9EB5CE99298D375F005B4A7C /* TabbarController.swift */ = {isa = PBXFileReference; lastKnownFileType = sourcecode.swift; path = TabbarController.swift; sourceTree = "<group>"; };
		9EB5CE9B298D37A2005B4A7C /* MainViewController.swift */ = {isa = PBXFileReference; lastKnownFileType = sourcecode.swift; path = MainViewController.swift; sourceTree = "<group>"; };
		9EB5CE9D298D37AF005B4A7C /* SearchViewController.swift */ = {isa = PBXFileReference; lastKnownFileType = sourcecode.swift; path = SearchViewController.swift; sourceTree = "<group>"; };
		9EB5CE9F298D37C4005B4A7C /* DiaryViewController.swift */ = {isa = PBXFileReference; lastKnownFileType = sourcecode.swift; path = DiaryViewController.swift; sourceTree = "<group>"; };
		9EB5CEA1298D3CBB005B4A7C /* Color.swift */ = {isa = PBXFileReference; lastKnownFileType = sourcecode.swift; path = Color.swift; sourceTree = "<group>"; };
		9EB5CEA3298D3D71005B4A7C /* SettingViewController.swift */ = {isa = PBXFileReference; lastKnownFileType = sourcecode.swift; path = SettingViewController.swift; sourceTree = "<group>"; };
		9EB5CEAB298D3E50005B4A7C /* MainView.swift */ = {isa = PBXFileReference; lastKnownFileType = sourcecode.swift; path = MainView.swift; sourceTree = "<group>"; };
		9EB5CF01298DEEE4005B4A7C /* SearchView.swift */ = {isa = PBXFileReference; lastKnownFileType = sourcecode.swift; path = SearchView.swift; sourceTree = "<group>"; };
		9EB5CF03298DEF04005B4A7C /* DiaryView.swift */ = {isa = PBXFileReference; lastKnownFileType = sourcecode.swift; path = DiaryView.swift; sourceTree = "<group>"; };
		9EB5CF0C298E1FA3005B4A7C /* DetailView.swift */ = {isa = PBXFileReference; lastKnownFileType = sourcecode.swift; path = DetailView.swift; sourceTree = "<group>"; };
		9EB5CF0E298E1FAE005B4A7C /* DetailViewController.swift */ = {isa = PBXFileReference; lastKnownFileType = sourcecode.swift; path = DetailViewController.swift; sourceTree = "<group>"; };
		9EB5CF14298E30D2005B4A7C /* DiaryEditViewController.swift */ = {isa = PBXFileReference; lastKnownFileType = sourcecode.swift; path = DiaryEditViewController.swift; sourceTree = "<group>"; };
		9EB5CF16298E30E0005B4A7C /* DiaryEditView.swift */ = {isa = PBXFileReference; lastKnownFileType = sourcecode.swift; path = DiaryEditView.swift; sourceTree = "<group>"; };
		9EB5CF18298E30EC005B4A7C /* DiaryDetailView.swift */ = {isa = PBXFileReference; lastKnownFileType = sourcecode.swift; path = DiaryDetailView.swift; sourceTree = "<group>"; };
		9EB5CF1A298E30F7005B4A7C /* DiaryDetailViewController.swift */ = {isa = PBXFileReference; lastKnownFileType = sourcecode.swift; path = DiaryDetailViewController.swift; sourceTree = "<group>"; };
		9EB5CF1E298E4C96005B4A7C /* .gitignore */ = {isa = PBXFileReference; lastKnownFileType = text; path = .gitignore; sourceTree = "<group>"; };
		9EB5CF22298E4CE6005B4A7C /* APIKey.swift */ = {isa = PBXFileReference; lastKnownFileType = sourcecode.swift; path = APIKey.swift; sourceTree = "<group>"; };
		9EB5CF24298E50E5005B4A7C /* Endpoint.swift */ = {isa = PBXFileReference; lastKnownFileType = sourcecode.swift; path = Endpoint.swift; sourceTree = "<group>"; };
		9EB5CF29298E6CFC005B4A7C /* XMLParsing.swift */ = {isa = PBXFileReference; lastKnownFileType = sourcecode.swift; path = XMLParsing.swift; sourceTree = "<group>"; };
		9EB5CF2C298E6D54005B4A7C /* LaunchViewController.swift */ = {isa = PBXFileReference; lastKnownFileType = sourcecode.swift; path = LaunchViewController.swift; sourceTree = "<group>"; };
		9EB5CF2E298E6D63005B4A7C /* LaunchView.swift */ = {isa = PBXFileReference; lastKnownFileType = sourcecode.swift; path = LaunchView.swift; sourceTree = "<group>"; };
		9EB5CF33298E6F7E005B4A7C /* MountainModel.swift */ = {isa = PBXFileReference; lastKnownFileType = sourcecode.swift; path = MountainModel.swift; sourceTree = "<group>"; };
		9EB5CF39298F98B5005B4A7C /* OnboardViewController.swift */ = {isa = PBXFileReference; lastKnownFileType = sourcecode.swift; path = OnboardViewController.swift; sourceTree = "<group>"; };
		9EB5CF40298FA348005B4A7C /* OnboardingHelper.swift */ = {isa = PBXFileReference; lastKnownFileType = sourcecode.swift; path = OnboardingHelper.swift; sourceTree = "<group>"; };
		9EB5CF42298FC352005B4A7C /* UIViewController+Extension.swift */ = {isa = PBXFileReference; lastKnownFileType = sourcecode.swift; path = "UIViewController+Extension.swift"; sourceTree = "<group>"; };
		9EB5CF54298FEC12005B4A7C /* Mountain.swift */ = {isa = PBXFileReference; lastKnownFileType = sourcecode.swift; path = Mountain.swift; sourceTree = "<group>"; };
		9EB5CF57298FEDD2005B4A7C /* SetUserdefaults.swift */ = {isa = PBXFileReference; lastKnownFileType = sourcecode.swift; path = SetUserdefaults.swift; sourceTree = "<group>"; };
		9EB5CF5E2990726D005B4A7C /* HomeSection.swift */ = {isa = PBXFileReference; lastKnownFileType = sourcecode.swift; path = HomeSection.swift; sourceTree = "<group>"; };
		9EB5CF6129907A75005B4A7C /* FirstCollectionViewCell.swift */ = {isa = PBXFileReference; lastKnownFileType = sourcecode.swift; path = FirstCollectionViewCell.swift; sourceTree = "<group>"; };
		9EB5CF6329907A7E005B4A7C /* SecondCollectionViewCell.swift */ = {isa = PBXFileReference; lastKnownFileType = sourcecode.swift; path = SecondCollectionViewCell.swift; sourceTree = "<group>"; };
		9EB5CF6529907A8E005B4A7C /* ThirdCollectionViewCell.swift */ = {isa = PBXFileReference; lastKnownFileType = sourcecode.swift; path = ThirdCollectionViewCell.swift; sourceTree = "<group>"; };
		9EC5C1092990DE8600B93BCB /* nearbyDetailViewController.swift */ = {isa = PBXFileReference; lastKnownFileType = sourcecode.swift; path = nearbyDetailViewController.swift; sourceTree = "<group>"; };
		9EC5C10B2990DE9600B93BCB /* nearbyDetailView.swift */ = {isa = PBXFileReference; lastKnownFileType = sourcecode.swift; path = nearbyDetailView.swift; sourceTree = "<group>"; };
		9EC5C10D2990DEB500B93BCB /* nearDetailCollectionViewCell.swift */ = {isa = PBXFileReference; lastKnownFileType = sourcecode.swift; path = nearDetailCollectionViewCell.swift; sourceTree = "<group>"; };
		9EC5C10F2990DF5200B93BCB /* Font.swift */ = {isa = PBXFileReference; lastKnownFileType = sourcecode.swift; path = Font.swift; sourceTree = "<group>"; };
		9EC5C1122990E51C00B93BCB /* HeaderView.swift */ = {isa = PBXFileReference; lastKnownFileType = sourcecode.swift; path = HeaderView.swift; sourceTree = "<group>"; };
		9EC5C1172991D6F600B93BCB /* Constant.swift */ = {isa = PBXFileReference; lastKnownFileType = sourcecode.swift; path = Constant.swift; sourceTree = "<group>"; };
		9EC5C1192991ED1800B93BCB /* DetailTableViewCell.swift */ = {isa = PBXFileReference; lastKnownFileType = sourcecode.swift; path = DetailTableViewCell.swift; sourceTree = "<group>"; };
		9EC5C11E29921E9500B93BCB /* CoreLocationExtension.swift */ = {isa = PBXFileReference; lastKnownFileType = sourcecode.swift; path = CoreLocationExtension.swift; sourceTree = "<group>"; };
		9EC5C12329922D9F00B93BCB /* MountainRepository.swift */ = {isa = PBXFileReference; lastKnownFileType = sourcecode.swift; path = MountainRepository.swift; sourceTree = "<group>"; };
		9EC5C1262993901800B93BCB /* SecondLaunchViewController.swift */ = {isa = PBXFileReference; lastKnownFileType = sourcecode.swift; path = SecondLaunchViewController.swift; sourceTree = "<group>"; };
		9EC5C1282993902500B93BCB /* SecondLaunchView.swift */ = {isa = PBXFileReference; lastKnownFileType = sourcecode.swift; path = SecondLaunchView.swift; sourceTree = "<group>"; };
/* End PBXFileReference section */

/* Begin PBXFrameworksBuildPhase section */
		9E03DCEC298D1C66006381E5 /* Frameworks */ = {
			isa = PBXFrameworksBuildPhase;
			buildActionMask = 2147483647;
			files = (
				9EB5CF53298FEBEA005B4A7C /* RealmSwift in Frameworks */,
				9EB5CF51298FEBEA005B4A7C /* Realm in Frameworks */,
				9EB5CF0A298DEFDF005B4A7C /* SnapKit in Frameworks */,
				9EB5CF3F298FA1EF005B4A7C /* UIOnboarding in Frameworks */,
				9EB5CF4E298FDA1F005B4A7C /* NVActivityIndicatorView in Frameworks */,
				9E66B33029909BB500D22126 /* BaseFrame.framework in Frameworks */,
				9EB5CF46298FC437005B4A7C /* Toast in Frameworks */,
				9EB5CF07298DEF48005B4A7C /* FSCalendar in Frameworks */,
			);
			runOnlyForDeploymentPostprocessing = 0;
		};
/* End PBXFrameworksBuildPhase section */

/* Begin PBXGroup section */
		9E03DCE6298D1C66006381E5 = {
			isa = PBXGroup;
			children = (
				9E84523B29908A00003B3090 /* MyFrameWork */,
				9EB5CF1E298E4C96005B4A7C /* .gitignore */,
				9E03DCF1298D1C66006381E5 /* Sandeul */,
				9E03DCF0298D1C66006381E5 /* Products */,
				9EB5CEFD298D4460005B4A7C /* Frameworks */,
			);
			sourceTree = "<group>";
		};
		9E03DCF0298D1C66006381E5 /* Products */ = {
			isa = PBXGroup;
			children = (
				9E03DCEF298D1C66006381E5 /* Sandeul.app */,
			);
			name = Products;
			sourceTree = "<group>";
		};
		9E03DCF1298D1C66006381E5 /* Sandeul */ = {
			isa = PBXGroup;
			children = (
				9EB5CE98298D1D9E005B4A7C /* App */,
				9EB5CEB5298D4116005B4A7C /* Realm */,
				9EB5CEB3298D4101005B4A7C /* Network */,
				9E03DD08298D1D00006381E5 /* Global */,
				9E03DD06298D1CF4006381E5 /* Presentation */,
				9E03DCFB298D1C69006381E5 /* Assets.xcassets */,
				9E03DD00298D1C69006381E5 /* Info.plist */,
			);
			path = Sandeul;
			sourceTree = "<group>";
		};
		9E03DD06298D1CF4006381E5 /* Presentation */ = {
			isa = PBXGroup;
			children = (
				9EB5CEAA298D3E30005B4A7C /* SettingTab */,
				9EB5CF11298E30AD005B4A7C /* DiaryEdit */,
				9EB5CF10298E309E005B4A7C /* DiaryDetail */,
				9EB5CEA9298D3E29005B4A7C /* DiaryTab */,
				9EB5CF0B298E1F83005B4A7C /* SearchDetail */,
				9EB5CEA8298D3E22005B4A7C /* SearchTab */,
				9EB5CEA7298D3E16005B4A7C /* MainTab */,
				9EC5C12529938FFD00B93BCB /* SecondLaunchScreen */,
				9EB5CF2B298E6D1B005B4A7C /* FirstLaunchScreen */,
				9EB5CEA6298D3E0E005B4A7C /* Onboard */,
				9EB5CEA5298D3E07005B4A7C /* Tabbar */,
			);
			path = Presentation;
			sourceTree = "<group>";
		};
		9E03DD07298D1CFB006381E5 /* Resource */ = {
			isa = PBXGroup;
			children = (
				9EB5CEA1298D3CBB005B4A7C /* Color.swift */,
				9EB5CF57298FEDD2005B4A7C /* SetUserdefaults.swift */,
				9EC5C10F2990DF5200B93BCB /* Font.swift */,
				9EC5C1172991D6F600B93BCB /* Constant.swift */,
			);
			path = Resource;
			sourceTree = "<group>";
		};
		9E03DD08298D1D00006381E5 /* Global */ = {
			isa = PBXGroup;
			children = (
				9E66B33229909D6800D22126 /* Protocol */,
				9EB5CF30298E6E8A005B4A7C /* Extension */,
				9E03DD07298D1CFB006381E5 /* Resource */,
			);
			path = Global;
			sourceTree = "<group>";
		};
		9E66B32829909B6100D22126 /* Products */ = {
			isa = PBXGroup;
			children = (
				9E66B32D29909B6100D22126 /* BaseFrame.framework */,
				9E66B32F29909B6100D22126 /* BaseFrameTests.xctest */,
			);
			name = Products;
			sourceTree = "<group>";
		};
		9E66B33229909D6800D22126 /* Protocol */ = {
			isa = PBXGroup;
			children = (
				9E66B33329909D7C00D22126 /* reuseIdentifier.swift */,
			);
			path = Protocol;
			sourceTree = "<group>";
		};
		9E84523B29908A00003B3090 /* MyFrameWork */ = {
			isa = PBXGroup;
			children = (
				9E66B32729909B6100D22126 /* BaseFrame.xcodeproj */,
			);
			path = MyFrameWork;
			sourceTree = "<group>";
		};
		9EB5CE98298D1D9E005B4A7C /* App */ = {
			isa = PBXGroup;
			children = (
				9E03DCF4298D1C66006381E5 /* SceneDelegate.swift */,
				9E03DCF2298D1C66006381E5 /* AppDelegate.swift */,
				9E03DCFD298D1C69006381E5 /* LaunchScreen.storyboard */,
			);
			path = App;
			sourceTree = "<group>";
		};
		9EB5CEA5298D3E07005B4A7C /* Tabbar */ = {
			isa = PBXGroup;
			children = (
				9EB5CE99298D375F005B4A7C /* TabbarController.swift */,
			);
			path = Tabbar;
			sourceTree = "<group>";
		};
		9EB5CEA6298D3E0E005B4A7C /* Onboard */ = {
			isa = PBXGroup;
			children = (
				9EB5CF39298F98B5005B4A7C /* OnboardViewController.swift */,
				9EB5CF40298FA348005B4A7C /* OnboardingHelper.swift */,
			);
			path = Onboard;
			sourceTree = "<group>";
		};
		9EB5CEA7298D3E16005B4A7C /* MainTab */ = {
			isa = PBXGroup;
			children = (
				9EC5C1142991D0E600B93BCB /* Data */,
				9EC5C1112990E50500B93BCB /* HeaderView */,
				9EC5C1082990DE5F00B93BCB /* nearbyDetailView */,
				9EC5C1072990DE5000B93BCB /* MainView */,
			);
			path = MainTab;
			sourceTree = "<group>";
		};
		9EB5CEA8298D3E22005B4A7C /* SearchTab */ = {
			isa = PBXGroup;
			children = (
				9EB5CE9D298D37AF005B4A7C /* SearchViewController.swift */,
				9EB5CF01298DEEE4005B4A7C /* SearchView.swift */,
			);
			path = SearchTab;
			sourceTree = "<group>";
		};
		9EB5CEA9298D3E29005B4A7C /* DiaryTab */ = {
			isa = PBXGroup;
			children = (
				9EB5CE9F298D37C4005B4A7C /* DiaryViewController.swift */,
				9EB5CF03298DEF04005B4A7C /* DiaryView.swift */,
			);
			path = DiaryTab;
			sourceTree = "<group>";
		};
		9EB5CEAA298D3E30005B4A7C /* SettingTab */ = {
			isa = PBXGroup;
			children = (
				9EB5CEA3298D3D71005B4A7C /* SettingViewController.swift */,
			);
			path = SettingTab;
			sourceTree = "<group>";
		};
		9EB5CEB3298D4101005B4A7C /* Network */ = {
			isa = PBXGroup;
			children = (
				9EB5CF21298E4CD9005B4A7C /* Manager */,
				9EB5CF20298E4CD4005B4A7C /* Data */,
			);
			path = Network;
			sourceTree = "<group>";
		};
		9EB5CEB5298D4116005B4A7C /* Realm */ = {
			isa = PBXGroup;
			children = (
				9EC5C12229922D3400B93BCB /* Repository */,
				9EB5CF56298FECFF005B4A7C /* Model */,
			);
			path = Realm;
			sourceTree = "<group>";
		};
		9EB5CEFD298D4460005B4A7C /* Frameworks */ = {
			isa = PBXGroup;
			children = (
			);
			name = Frameworks;
			sourceTree = "<group>";
		};
		9EB5CF0B298E1F83005B4A7C /* SearchDetail */ = {
			isa = PBXGroup;
			children = (
				9EB5CF0C298E1FA3005B4A7C /* DetailView.swift */,
				9EB5CF0E298E1FAE005B4A7C /* DetailViewController.swift */,
				9EC5C1192991ED1800B93BCB /* DetailTableViewCell.swift */,
			);
			path = SearchDetail;
			sourceTree = "<group>";
		};
		9EB5CF10298E309E005B4A7C /* DiaryDetail */ = {
			isa = PBXGroup;
			children = (
				9EB5CF18298E30EC005B4A7C /* DiaryDetailView.swift */,
				9EB5CF1A298E30F7005B4A7C /* DiaryDetailViewController.swift */,
			);
			path = DiaryDetail;
			sourceTree = "<group>";
		};
		9EB5CF11298E30AD005B4A7C /* DiaryEdit */ = {
			isa = PBXGroup;
			children = (
				9EB5CF14298E30D2005B4A7C /* DiaryEditViewController.swift */,
				9EB5CF16298E30E0005B4A7C /* DiaryEditView.swift */,
			);
			path = DiaryEdit;
			sourceTree = "<group>";
		};
		9EB5CF20298E4CD4005B4A7C /* Data */ = {
			isa = PBXGroup;
			children = (
				9EB5CF22298E4CE6005B4A7C /* APIKey.swift */,
				9EB5CF24298E50E5005B4A7C /* Endpoint.swift */,
				9EB5CF33298E6F7E005B4A7C /* MountainModel.swift */,
			);
			path = Data;
			sourceTree = "<group>";
		};
		9EB5CF21298E4CD9005B4A7C /* Manager */ = {
			isa = PBXGroup;
			children = (
				9EB5CF29298E6CFC005B4A7C /* XMLParsing.swift */,
			);
			path = Manager;
			sourceTree = "<group>";
		};
		9EB5CF2B298E6D1B005B4A7C /* FirstLaunchScreen */ = {
			isa = PBXGroup;
			children = (
				9EB5CF2C298E6D54005B4A7C /* LaunchViewController.swift */,
				9EB5CF2E298E6D63005B4A7C /* LaunchView.swift */,
			);
			path = FirstLaunchScreen;
			sourceTree = "<group>";
		};
		9EB5CF30298E6E8A005B4A7C /* Extension */ = {
			isa = PBXGroup;
			children = (
				9EB5CF42298FC352005B4A7C /* UIViewController+Extension.swift */,
			);
			path = Extension;
			sourceTree = "<group>";
		};
		9EB5CF56298FECFF005B4A7C /* Model */ = {
			isa = PBXGroup;
			children = (
				9EB5CF54298FEC12005B4A7C /* Mountain.swift */,
			);
			path = Model;
			sourceTree = "<group>";
		};
		9EB5CF6029907A62005B4A7C /* MainCollectionCell */ = {
			isa = PBXGroup;
			children = (
				9EB5CF6129907A75005B4A7C /* FirstCollectionViewCell.swift */,
				9EB5CF6329907A7E005B4A7C /* SecondCollectionViewCell.swift */,
				9EB5CF6529907A8E005B4A7C /* ThirdCollectionViewCell.swift */,
			);
			path = MainCollectionCell;
			sourceTree = "<group>";
		};
		9EC5C1072990DE5000B93BCB /* MainView */ = {
			isa = PBXGroup;
			children = (
				9EB5CF6029907A62005B4A7C /* MainCollectionCell */,
				9EB5CE9B298D37A2005B4A7C /* MainViewController.swift */,
				9EB5CEAB298D3E50005B4A7C /* MainView.swift */,
			);
			path = MainView;
			sourceTree = "<group>";
		};
		9EC5C1082990DE5F00B93BCB /* nearbyDetailView */ = {
			isa = PBXGroup;
			children = (
				9EC5C1092990DE8600B93BCB /* nearbyDetailViewController.swift */,
				9EC5C10B2990DE9600B93BCB /* nearbyDetailView.swift */,
				9EC5C10D2990DEB500B93BCB /* nearDetailCollectionViewCell.swift */,
			);
			path = nearbyDetailView;
			sourceTree = "<group>";
		};
		9EC5C1112990E50500B93BCB /* HeaderView */ = {
			isa = PBXGroup;
			children = (
				9EC5C1122990E51C00B93BCB /* HeaderView.swift */,
			);
			path = HeaderView;
			sourceTree = "<group>";
		};
		9EC5C1142991D0E600B93BCB /* Data */ = {
			isa = PBXGroup;
			children = (
				9EB5CF5E2990726D005B4A7C /* HomeSection.swift */,
			);
			path = Data;
			sourceTree = "<group>";
		};
		9EC5C12229922D3400B93BCB /* Repository */ = {
			isa = PBXGroup;
			children = (
				9EC5C12329922D9F00B93BCB /* MountainRepository.swift */,
			);
			path = Repository;
			sourceTree = "<group>";
		};
		9EC5C12529938FFD00B93BCB /* SecondLaunchScreen */ = {
			isa = PBXGroup;
			children = (
				9EC5C1262993901800B93BCB /* SecondLaunchViewController.swift */,
				9EC5C1282993902500B93BCB /* SecondLaunchView.swift */,
				9EC5C11E29921E9500B93BCB /* CoreLocationExtension.swift */,
			);
			path = SecondLaunchScreen;
			sourceTree = "<group>";
		};
/* End PBXGroup section */

/* Begin PBXNativeTarget section */
		9E03DCEE298D1C66006381E5 /* Sandeul */ = {
			isa = PBXNativeTarget;
			buildConfigurationList = 9E03DD03298D1C69006381E5 /* Build configuration list for PBXNativeTarget "Sandeul" */;
			buildPhases = (
				9E03DCEB298D1C66006381E5 /* Sources */,
				9E03DCEC298D1C66006381E5 /* Frameworks */,
				9E03DCED298D1C66006381E5 /* Resources */,
				9EB5CF00298D448D005B4A7C /* Embed Frameworks */,
			);
			buildRules = (
			);
			dependencies = (
			);
			name = Sandeul;
			packageProductDependencies = (
				9EB5CF06298DEF48005B4A7C /* FSCalendar */,
				9EB5CF09298DEFDF005B4A7C /* SnapKit */,
				9EB5CF3E298FA1EF005B4A7C /* UIOnboarding */,
				9EB5CF45298FC437005B4A7C /* Toast */,
				9EB5CF4D298FDA1F005B4A7C /* NVActivityIndicatorView */,
				9EB5CF50298FEBEA005B4A7C /* Realm */,
				9EB5CF52298FEBEA005B4A7C /* RealmSwift */,
			);
			productName = Sandeul;
			productReference = 9E03DCEF298D1C66006381E5 /* Sandeul.app */;
			productType = "com.apple.product-type.application";
		};
/* End PBXNativeTarget section */

/* Begin PBXProject section */
		9E03DCE7298D1C66006381E5 /* Project object */ = {
			isa = PBXProject;
			attributes = {
				BuildIndependentTargetsInParallel = 1;
				LastSwiftUpdateCheck = 1410;
				LastUpgradeCheck = 1410;
				TargetAttributes = {
					9E03DCEE298D1C66006381E5 = {
						CreatedOnToolsVersion = 14.1;
					};
				};
			};
			buildConfigurationList = 9E03DCEA298D1C66006381E5 /* Build configuration list for PBXProject "Sandeul" */;
			compatibilityVersion = "Xcode 14.0";
			developmentRegion = en;
			hasScannedForEncodings = 0;
			knownRegions = (
				en,
				Base,
			);
			mainGroup = 9E03DCE6298D1C66006381E5;
			packageReferences = (
				9EB5CF05298DEF48005B4A7C /* XCRemoteSwiftPackageReference "FSCalendar" */,
				9EB5CF08298DEFDF005B4A7C /* XCRemoteSwiftPackageReference "SnapKit" */,
				9EB5CF3D298FA1EF005B4A7C /* XCRemoteSwiftPackageReference "UIOnboarding" */,
				9EB5CF44298FC437005B4A7C /* XCRemoteSwiftPackageReference "Toast-Swift" */,
				9EB5CF4C298FDA1F005B4A7C /* XCRemoteSwiftPackageReference "NVActivityIndicatorView" */,
				9EB5CF4F298FEBEA005B4A7C /* XCRemoteSwiftPackageReference "realm-swift" */,
			);
			productRefGroup = 9E03DCF0298D1C66006381E5 /* Products */;
			projectDirPath = "";
			projectReferences = (
				{
					ProductGroup = 9E66B32829909B6100D22126 /* Products */;
					ProjectRef = 9E66B32729909B6100D22126 /* BaseFrame.xcodeproj */;
				},
			);
			projectRoot = "";
			targets = (
				9E03DCEE298D1C66006381E5 /* Sandeul */,
			);
		};
/* End PBXProject section */

/* Begin PBXReferenceProxy section */
		9E66B32D29909B6100D22126 /* BaseFrame.framework */ = {
			isa = PBXReferenceProxy;
			fileType = wrapper.framework;
			path = BaseFrame.framework;
			remoteRef = 9E66B32C29909B6100D22126 /* PBXContainerItemProxy */;
			sourceTree = BUILT_PRODUCTS_DIR;
		};
		9E66B32F29909B6100D22126 /* BaseFrameTests.xctest */ = {
			isa = PBXReferenceProxy;
			fileType = wrapper.cfbundle;
			path = BaseFrameTests.xctest;
			remoteRef = 9E66B32E29909B6100D22126 /* PBXContainerItemProxy */;
			sourceTree = BUILT_PRODUCTS_DIR;
		};
/* End PBXReferenceProxy section */

/* Begin PBXResourcesBuildPhase section */
		9E03DCED298D1C66006381E5 /* Resources */ = {
			isa = PBXResourcesBuildPhase;
			buildActionMask = 2147483647;
			files = (
				9E03DCFF298D1C69006381E5 /* LaunchScreen.storyboard in Resources */,
				9EB5CF1F298E4C96005B4A7C /* .gitignore in Resources */,
				9E03DCFC298D1C69006381E5 /* Assets.xcassets in Resources */,
			);
			runOnlyForDeploymentPostprocessing = 0;
		};
/* End PBXResourcesBuildPhase section */

/* Begin PBXSourcesBuildPhase section */
		9E03DCEB298D1C66006381E5 /* Sources */ = {
			isa = PBXSourcesBuildPhase;
			buildActionMask = 2147483647;
			files = (
				9EB5CF3A298F98B5005B4A7C /* OnboardViewController.swift in Sources */,
				9EC5C10E2990DEB500B93BCB /* nearDetailCollectionViewCell.swift in Sources */,
				9EC5C1272993901800B93BCB /* SecondLaunchViewController.swift in Sources */,
				9EB5CF0F298E1FAE005B4A7C /* DetailViewController.swift in Sources */,
				9EB5CF2F298E6D63005B4A7C /* LaunchView.swift in Sources */,
				9EB5CF02298DEEE4005B4A7C /* SearchView.swift in Sources */,
				9EC5C10A2990DE8600B93BCB /* nearbyDetailViewController.swift in Sources */,
				9EC5C1292993902600B93BCB /* SecondLaunchView.swift in Sources */,
				9EB5CF0D298E1FA3005B4A7C /* DetailView.swift in Sources */,
				9EB5CF6429907A7E005B4A7C /* SecondCollectionViewCell.swift in Sources */,
				9EC5C10C2990DE9600B93BCB /* nearbyDetailView.swift in Sources */,
				9EB5CE9E298D37AF005B4A7C /* SearchViewController.swift in Sources */,
				9EB5CF2A298E6CFC005B4A7C /* XMLParsing.swift in Sources */,
				9EB5CEAC298D3E50005B4A7C /* MainView.swift in Sources */,
				9EB5CF17298E30E1005B4A7C /* DiaryEditView.swift in Sources */,
				9EB5CF25298E50E5005B4A7C /* Endpoint.swift in Sources */,
				9EB5CF41298FA348005B4A7C /* OnboardingHelper.swift in Sources */,
				9E03DCF3298D1C66006381E5 /* AppDelegate.swift in Sources */,
				9EB5CF19298E30EC005B4A7C /* DiaryDetailView.swift in Sources */,
				9EC5C11F29921E9500B93BCB /* CoreLocationExtension.swift in Sources */,
				9EB5CF1B298E30F7005B4A7C /* DiaryDetailViewController.swift in Sources */,
				9EB5CF43298FC352005B4A7C /* UIViewController+Extension.swift in Sources */,
				9EC5C12429922D9F00B93BCB /* MountainRepository.swift in Sources */,
				9E66B33429909D7C00D22126 /* reuseIdentifier.swift in Sources */,
				9EB5CF6229907A75005B4A7C /* FirstCollectionViewCell.swift in Sources */,
				9EB5CF15298E30D2005B4A7C /* DiaryEditViewController.swift in Sources */,
				9EB5CEA2298D3CBB005B4A7C /* Color.swift in Sources */,
				9EB5CF04298DEF04005B4A7C /* DiaryView.swift in Sources */,
				9EB5CF5F2990726D005B4A7C /* HomeSection.swift in Sources */,
				9EC5C1132990E51C00B93BCB /* HeaderView.swift in Sources */,
				9EB5CEA4298D3D71005B4A7C /* SettingViewController.swift in Sources */,
				9EB5CE9A298D375F005B4A7C /* TabbarController.swift in Sources */,
				9E03DCF5298D1C66006381E5 /* SceneDelegate.swift in Sources */,
				9EB5CEA0298D37C4005B4A7C /* DiaryViewController.swift in Sources */,
				9EC5C11A2991ED1800B93BCB /* DetailTableViewCell.swift in Sources */,
				9EB5CF58298FEDD2005B4A7C /* SetUserdefaults.swift in Sources */,
				9EB5CF6629907A8E005B4A7C /* ThirdCollectionViewCell.swift in Sources */,
				9EB5CF55298FEC12005B4A7C /* Mountain.swift in Sources */,
				9EB5CF23298E4CE6005B4A7C /* APIKey.swift in Sources */,
				9EB5CF2D298E6D54005B4A7C /* LaunchViewController.swift in Sources */,
				9EC5C1182991D6F600B93BCB /* Constant.swift in Sources */,
				9EC5C1102990DF5200B93BCB /* Font.swift in Sources */,
				9EB5CF34298E6F7E005B4A7C /* MountainModel.swift in Sources */,
				9EB5CE9C298D37A2005B4A7C /* MainViewController.swift in Sources */,
			);
			runOnlyForDeploymentPostprocessing = 0;
		};
/* End PBXSourcesBuildPhase section */

/* Begin PBXVariantGroup section */
		9E03DCFD298D1C69006381E5 /* LaunchScreen.storyboard */ = {
			isa = PBXVariantGroup;
			children = (
				9E03DCFE298D1C69006381E5 /* Base */,
			);
			name = LaunchScreen.storyboard;
			sourceTree = "<group>";
		};
/* End PBXVariantGroup section */

/* Begin XCBuildConfiguration section */
		9E03DD01298D1C69006381E5 /* Debug */ = {
			isa = XCBuildConfiguration;
			buildSettings = {
				ALWAYS_SEARCH_USER_PATHS = NO;
				CLANG_ANALYZER_NONNULL = YES;
				CLANG_ANALYZER_NUMBER_OBJECT_CONVERSION = YES_AGGRESSIVE;
				CLANG_CXX_LANGUAGE_STANDARD = "gnu++20";
				CLANG_ENABLE_MODULES = YES;
				CLANG_ENABLE_OBJC_ARC = YES;
				CLANG_ENABLE_OBJC_WEAK = YES;
				CLANG_WARN_BLOCK_CAPTURE_AUTORELEASING = YES;
				CLANG_WARN_BOOL_CONVERSION = YES;
				CLANG_WARN_COMMA = YES;
				CLANG_WARN_CONSTANT_CONVERSION = YES;
				CLANG_WARN_DEPRECATED_OBJC_IMPLEMENTATIONS = YES;
				CLANG_WARN_DIRECT_OBJC_ISA_USAGE = YES_ERROR;
				CLANG_WARN_DOCUMENTATION_COMMENTS = YES;
				CLANG_WARN_EMPTY_BODY = YES;
				CLANG_WARN_ENUM_CONVERSION = YES;
				CLANG_WARN_INFINITE_RECURSION = YES;
				CLANG_WARN_INT_CONVERSION = YES;
				CLANG_WARN_NON_LITERAL_NULL_CONVERSION = YES;
				CLANG_WARN_OBJC_IMPLICIT_RETAIN_SELF = YES;
				CLANG_WARN_OBJC_LITERAL_CONVERSION = YES;
				CLANG_WARN_OBJC_ROOT_CLASS = YES_ERROR;
				CLANG_WARN_QUOTED_INCLUDE_IN_FRAMEWORK_HEADER = YES;
				CLANG_WARN_RANGE_LOOP_ANALYSIS = YES;
				CLANG_WARN_STRICT_PROTOTYPES = YES;
				CLANG_WARN_SUSPICIOUS_MOVE = YES;
				CLANG_WARN_UNGUARDED_AVAILABILITY = YES_AGGRESSIVE;
				CLANG_WARN_UNREACHABLE_CODE = YES;
				CLANG_WARN__DUPLICATE_METHOD_MATCH = YES;
				COPY_PHASE_STRIP = NO;
				DEBUG_INFORMATION_FORMAT = dwarf;
				ENABLE_STRICT_OBJC_MSGSEND = YES;
				ENABLE_TESTABILITY = YES;
				ENABLE_TESTING_SEARCH_PATHS = YES;
				GCC_C_LANGUAGE_STANDARD = gnu11;
				GCC_DYNAMIC_NO_PIC = NO;
				GCC_NO_COMMON_BLOCKS = YES;
				GCC_OPTIMIZATION_LEVEL = 0;
				GCC_PREPROCESSOR_DEFINITIONS = (
					"DEBUG=1",
					"$(inherited)",
				);
				GCC_WARN_64_TO_32_BIT_CONVERSION = YES;
				GCC_WARN_ABOUT_RETURN_TYPE = YES_ERROR;
				GCC_WARN_UNDECLARED_SELECTOR = YES;
				GCC_WARN_UNINITIALIZED_AUTOS = YES_AGGRESSIVE;
				GCC_WARN_UNUSED_FUNCTION = YES;
				GCC_WARN_UNUSED_VARIABLE = YES;
				IPHONEOS_DEPLOYMENT_TARGET = 15.0;
				MTL_ENABLE_DEBUG_INFO = INCLUDE_SOURCE;
				MTL_FAST_MATH = YES;
				ONLY_ACTIVE_ARCH = YES;
				SDKROOT = iphoneos;
				SWIFT_ACTIVE_COMPILATION_CONDITIONS = DEBUG;
				SWIFT_OPTIMIZATION_LEVEL = "-Onone";
			};
			name = Debug;
		};
		9E03DD02298D1C69006381E5 /* Release */ = {
			isa = XCBuildConfiguration;
			buildSettings = {
				ALWAYS_SEARCH_USER_PATHS = NO;
				CLANG_ANALYZER_NONNULL = YES;
				CLANG_ANALYZER_NUMBER_OBJECT_CONVERSION = YES_AGGRESSIVE;
				CLANG_CXX_LANGUAGE_STANDARD = "gnu++20";
				CLANG_ENABLE_MODULES = YES;
				CLANG_ENABLE_OBJC_ARC = YES;
				CLANG_ENABLE_OBJC_WEAK = YES;
				CLANG_WARN_BLOCK_CAPTURE_AUTORELEASING = YES;
				CLANG_WARN_BOOL_CONVERSION = YES;
				CLANG_WARN_COMMA = YES;
				CLANG_WARN_CONSTANT_CONVERSION = YES;
				CLANG_WARN_DEPRECATED_OBJC_IMPLEMENTATIONS = YES;
				CLANG_WARN_DIRECT_OBJC_ISA_USAGE = YES_ERROR;
				CLANG_WARN_DOCUMENTATION_COMMENTS = YES;
				CLANG_WARN_EMPTY_BODY = YES;
				CLANG_WARN_ENUM_CONVERSION = YES;
				CLANG_WARN_INFINITE_RECURSION = YES;
				CLANG_WARN_INT_CONVERSION = YES;
				CLANG_WARN_NON_LITERAL_NULL_CONVERSION = YES;
				CLANG_WARN_OBJC_IMPLICIT_RETAIN_SELF = YES;
				CLANG_WARN_OBJC_LITERAL_CONVERSION = YES;
				CLANG_WARN_OBJC_ROOT_CLASS = YES_ERROR;
				CLANG_WARN_QUOTED_INCLUDE_IN_FRAMEWORK_HEADER = YES;
				CLANG_WARN_RANGE_LOOP_ANALYSIS = YES;
				CLANG_WARN_STRICT_PROTOTYPES = YES;
				CLANG_WARN_SUSPICIOUS_MOVE = YES;
				CLANG_WARN_UNGUARDED_AVAILABILITY = YES_AGGRESSIVE;
				CLANG_WARN_UNREACHABLE_CODE = YES;
				CLANG_WARN__DUPLICATE_METHOD_MATCH = YES;
				COPY_PHASE_STRIP = NO;
				DEBUG_INFORMATION_FORMAT = "dwarf-with-dsym";
				ENABLE_NS_ASSERTIONS = NO;
				ENABLE_STRICT_OBJC_MSGSEND = YES;
				ENABLE_TESTING_SEARCH_PATHS = YES;
				GCC_C_LANGUAGE_STANDARD = gnu11;
				GCC_NO_COMMON_BLOCKS = YES;
				GCC_WARN_64_TO_32_BIT_CONVERSION = YES;
				GCC_WARN_ABOUT_RETURN_TYPE = YES_ERROR;
				GCC_WARN_UNDECLARED_SELECTOR = YES;
				GCC_WARN_UNINITIALIZED_AUTOS = YES_AGGRESSIVE;
				GCC_WARN_UNUSED_FUNCTION = YES;
				GCC_WARN_UNUSED_VARIABLE = YES;
				IPHONEOS_DEPLOYMENT_TARGET = 15.0;
				MTL_ENABLE_DEBUG_INFO = NO;
				MTL_FAST_MATH = YES;
				SDKROOT = iphoneos;
				SWIFT_COMPILATION_MODE = wholemodule;
				SWIFT_OPTIMIZATION_LEVEL = "-O";
				VALIDATE_PRODUCT = YES;
			};
			name = Release;
		};
		9E03DD04298D1C69006381E5 /* Debug */ = {
			isa = XCBuildConfiguration;
			buildSettings = {
				ASSETCATALOG_COMPILER_APPICON_NAME = AppIcon;
				ASSETCATALOG_COMPILER_GLOBAL_ACCENT_COLOR_NAME = AccentColor;
				CODE_SIGN_STYLE = Automatic;
				CURRENT_PROJECT_VERSION = 1;
				DEVELOPMENT_TEAM = K27UK338MM;
				GENERATE_INFOPLIST_FILE = YES;
				INFOPLIST_FILE = Sandeul/Info.plist;
				INFOPLIST_KEY_UIApplicationSupportsIndirectInputEvents = YES;
				INFOPLIST_KEY_UILaunchStoryboardName = LaunchScreen;
				INFOPLIST_KEY_UISupportedInterfaceOrientations_iPad = "UIInterfaceOrientationPortrait UIInterfaceOrientationPortraitUpsideDown UIInterfaceOrientationLandscapeLeft UIInterfaceOrientationLandscapeRight";
				INFOPLIST_KEY_UISupportedInterfaceOrientations_iPhone = "UIInterfaceOrientationPortrait UIInterfaceOrientationLandscapeLeft UIInterfaceOrientationLandscapeRight";
				IPHONEOS_DEPLOYMENT_TARGET = 15.0;
				LD_RUNPATH_SEARCH_PATHS = (
					"$(inherited)",
					"@executable_path/Frameworks",
				);
				MARKETING_VERSION = 2.0;
				PRODUCT_BUNDLE_IDENTIFIER = com.Anniekang.Sandeul;
				PRODUCT_NAME = "$(TARGET_NAME)";
				SWIFT_EMIT_LOC_STRINGS = YES;
				SWIFT_VERSION = 5.0;
				TARGETED_DEVICE_FAMILY = 1;
			};
			name = Debug;
		};
		9E03DD05298D1C69006381E5 /* Release */ = {
			isa = XCBuildConfiguration;
			buildSettings = {
				ASSETCATALOG_COMPILER_APPICON_NAME = AppIcon;
				ASSETCATALOG_COMPILER_GLOBAL_ACCENT_COLOR_NAME = AccentColor;
				CODE_SIGN_STYLE = Automatic;
				CURRENT_PROJECT_VERSION = 1;
				DEVELOPMENT_TEAM = K27UK338MM;
				GENERATE_INFOPLIST_FILE = YES;
				INFOPLIST_FILE = Sandeul/Info.plist;
				INFOPLIST_KEY_UIApplicationSupportsIndirectInputEvents = YES;
				INFOPLIST_KEY_UILaunchStoryboardName = LaunchScreen;
				INFOPLIST_KEY_UISupportedInterfaceOrientations_iPad = "UIInterfaceOrientationPortrait UIInterfaceOrientationPortraitUpsideDown UIInterfaceOrientationLandscapeLeft UIInterfaceOrientationLandscapeRight";
				INFOPLIST_KEY_UISupportedInterfaceOrientations_iPhone = "UIInterfaceOrientationPortrait UIInterfaceOrientationLandscapeLeft UIInterfaceOrientationLandscapeRight";
				IPHONEOS_DEPLOYMENT_TARGET = 15.0;
				LD_RUNPATH_SEARCH_PATHS = (
					"$(inherited)",
					"@executable_path/Frameworks",
				);
				MARKETING_VERSION = 2.0;
				PRODUCT_BUNDLE_IDENTIFIER = com.Anniekang.Sandeul;
				PRODUCT_NAME = "$(TARGET_NAME)";
				SWIFT_EMIT_LOC_STRINGS = YES;
				SWIFT_VERSION = 5.0;
				TARGETED_DEVICE_FAMILY = 1;
			};
			name = Release;
		};
/* End XCBuildConfiguration section */

/* Begin XCConfigurationList section */
		9E03DCEA298D1C66006381E5 /* Build configuration list for PBXProject "Sandeul" */ = {
			isa = XCConfigurationList;
			buildConfigurations = (
				9E03DD01298D1C69006381E5 /* Debug */,
				9E03DD02298D1C69006381E5 /* Release */,
			);
			defaultConfigurationIsVisible = 0;
			defaultConfigurationName = Release;
		};
		9E03DD03298D1C69006381E5 /* Build configuration list for PBXNativeTarget "Sandeul" */ = {
			isa = XCConfigurationList;
			buildConfigurations = (
				9E03DD04298D1C69006381E5 /* Debug */,
				9E03DD05298D1C69006381E5 /* Release */,
			);
			defaultConfigurationIsVisible = 0;
			defaultConfigurationName = Release;
		};
/* End XCConfigurationList section */

/* Begin XCRemoteSwiftPackageReference section */
		9EB5CF05298DEF48005B4A7C /* XCRemoteSwiftPackageReference "FSCalendar" */ = {
			isa = XCRemoteSwiftPackageReference;
			repositoryURL = "https://github.com/WenchaoD/FSCalendar.git";
			requirement = {
				kind = upToNextMajorVersion;
				minimumVersion = 2.0.0;
			};
		};
		9EB5CF08298DEFDF005B4A7C /* XCRemoteSwiftPackageReference "SnapKit" */ = {
			isa = XCRemoteSwiftPackageReference;
			repositoryURL = "https://github.com/SnapKit/SnapKit.git";
			requirement = {
				kind = upToNextMajorVersion;
				minimumVersion = 5.0.0;
			};
		};
		9EB5CF3D298FA1EF005B4A7C /* XCRemoteSwiftPackageReference "UIOnboarding" */ = {
			isa = XCRemoteSwiftPackageReference;
			repositoryURL = "https://github.com/lascic/UIOnboarding.git";
			requirement = {
				kind = upToNextMajorVersion;
				minimumVersion = 2.0.0;
			};
		};
		9EB5CF44298FC437005B4A7C /* XCRemoteSwiftPackageReference "Toast-Swift" */ = {
			isa = XCRemoteSwiftPackageReference;
			repositoryURL = "https://github.com/scalessec/Toast-Swift.git";
			requirement = {
				kind = upToNextMajorVersion;
				minimumVersion = 5.0.0;
			};
		};
		9EB5CF4C298FDA1F005B4A7C /* XCRemoteSwiftPackageReference "NVActivityIndicatorView" */ = {
			isa = XCRemoteSwiftPackageReference;
			repositoryURL = "https://github.com/ninjaprox/NVActivityIndicatorView.git";
			requirement = {
				kind = upToNextMajorVersion;
				minimumVersion = 5.0.0;
			};
		};
		9EB5CF4F298FEBEA005B4A7C /* XCRemoteSwiftPackageReference "realm-swift" */ = {
			isa = XCRemoteSwiftPackageReference;
			repositoryURL = "https://github.com/realm/realm-swift.git";
			requirement = {
				kind = upToNextMajorVersion;
				minimumVersion = 10.34.1;
			};
		};
/* End XCRemoteSwiftPackageReference section */

/* Begin XCSwiftPackageProductDependency section */
		9EB5CF06298DEF48005B4A7C /* FSCalendar */ = {
			isa = XCSwiftPackageProductDependency;
			package = 9EB5CF05298DEF48005B4A7C /* XCRemoteSwiftPackageReference "FSCalendar" */;
			productName = FSCalendar;
		};
		9EB5CF09298DEFDF005B4A7C /* SnapKit */ = {
			isa = XCSwiftPackageProductDependency;
			package = 9EB5CF08298DEFDF005B4A7C /* XCRemoteSwiftPackageReference "SnapKit" */;
			productName = SnapKit;
		};
		9EB5CF3E298FA1EF005B4A7C /* UIOnboarding */ = {
			isa = XCSwiftPackageProductDependency;
			package = 9EB5CF3D298FA1EF005B4A7C /* XCRemoteSwiftPackageReference "UIOnboarding" */;
			productName = UIOnboarding;
		};
		9EB5CF45298FC437005B4A7C /* Toast */ = {
			isa = XCSwiftPackageProductDependency;
			package = 9EB5CF44298FC437005B4A7C /* XCRemoteSwiftPackageReference "Toast-Swift" */;
			productName = Toast;
		};
		9EB5CF4D298FDA1F005B4A7C /* NVActivityIndicatorView */ = {
			isa = XCSwiftPackageProductDependency;
			package = 9EB5CF4C298FDA1F005B4A7C /* XCRemoteSwiftPackageReference "NVActivityIndicatorView" */;
			productName = NVActivityIndicatorView;
		};
		9EB5CF50298FEBEA005B4A7C /* Realm */ = {
			isa = XCSwiftPackageProductDependency;
			package = 9EB5CF4F298FEBEA005B4A7C /* XCRemoteSwiftPackageReference "realm-swift" */;
			productName = Realm;
		};
		9EB5CF52298FEBEA005B4A7C /* RealmSwift */ = {
			isa = XCSwiftPackageProductDependency;
			package = 9EB5CF4F298FEBEA005B4A7C /* XCRemoteSwiftPackageReference "realm-swift" */;
			productName = RealmSwift;
		};
/* End XCSwiftPackageProductDependency section */
	};
	rootObject = 9E03DCE7298D1C66006381E5 /* Project object */;
}
