// !$*UTF8*$!
{
	archiveVersion = 1;
	classes = {
	};
	objectVersion = 56;
	objects = {

/* Begin PBXBuildFile section */
		9E03DCF3298D1C66006381E5 /* AppDelegate.swift in Sources */ = {isa = PBXBuildFile; fileRef = 9E03DCF2298D1C66006381E5 /* AppDelegate.swift */; };
		9E03DCF5298D1C66006381E5 /* SceneDelegate.swift in Sources */ = {isa = PBXBuildFile; fileRef = 9E03DCF4298D1C66006381E5 /* SceneDelegate.swift */; };
		9E03DCFC298D1C69006381E5 /* Assets.xcassets in Resources */ = {isa = PBXBuildFile; fileRef = 9E03DCFB298D1C69006381E5 /* Assets.xcassets */; };
		9E03DCFF298D1C69006381E5 /* LaunchScreen.storyboard in Resources */ = {isa = PBXBuildFile; fileRef = 9E03DCFD298D1C69006381E5 /* LaunchScreen.storyboard */; };
		9EB5CE9A298D375F005B4A7C /* TabbarController.swift in Sources */ = {isa = PBXBuildFile; fileRef = 9EB5CE99298D375F005B4A7C /* TabbarController.swift */; };
		9EB5CE9C298D37A2005B4A7C /* MainViewController.swift in Sources */ = {isa = PBXBuildFile; fileRef = 9EB5CE9B298D37A2005B4A7C /* MainViewController.swift */; };
		9EB5CE9E298D37AF005B4A7C /* SearchViewController.swift in Sources */ = {isa = PBXBuildFile; fileRef = 9EB5CE9D298D37AF005B4A7C /* SearchViewController.swift */; };
		9EB5CEA0298D37C4005B4A7C /* DiaryViewController.swift in Sources */ = {isa = PBXBuildFile; fileRef = 9EB5CE9F298D37C4005B4A7C /* DiaryViewController.swift */; };
		9EB5CEA2298D3CBB005B4A7C /* Color.swift in Sources */ = {isa = PBXBuildFile; fileRef = 9EB5CEA1298D3CBB005B4A7C /* Color.swift */; };
		9EB5CEA4298D3D71005B4A7C /* SettingViewController.swift in Sources */ = {isa = PBXBuildFile; fileRef = 9EB5CEA3298D3D71005B4A7C /* SettingViewController.swift */; };
		9EB5CEAC298D3E50005B4A7C /* MainView.swift in Sources */ = {isa = PBXBuildFile; fileRef = 9EB5CEAB298D3E50005B4A7C /* MainView.swift */; };
		9EB5CEFE298D448D005B4A7C /* BaseFrame.framework in Frameworks */ = {isa = PBXBuildFile; fileRef = 9EB5CEF9298D4364005B4A7C /* BaseFrame.framework */; };
		9EB5CEFF298D448D005B4A7C /* BaseFrame.framework in Embed Frameworks */ = {isa = PBXBuildFile; fileRef = 9EB5CEF9298D4364005B4A7C /* BaseFrame.framework */; settings = {ATTRIBUTES = (CodeSignOnCopy, RemoveHeadersOnCopy, ); }; };
/* End PBXBuildFile section */

/* Begin PBXContainerItemProxy section */
		9EB5CEF8298D4364005B4A7C /* PBXContainerItemProxy */ = {
			isa = PBXContainerItemProxy;
			containerPortal = 9EB5CEF3298D4364005B4A7C /* BaseFrame.xcodeproj */;
			proxyType = 2;
			remoteGlobalIDString = 9EB5CEC0298D4189005B4A7C;
			remoteInfo = BaseFrame;
		};
		9EB5CEFA298D4364005B4A7C /* PBXContainerItemProxy */ = {
			isa = PBXContainerItemProxy;
			containerPortal = 9EB5CEF3298D4364005B4A7C /* BaseFrame.xcodeproj */;
			proxyType = 2;
			remoteGlobalIDString = 9EB5CECA298D4189005B4A7C;
			remoteInfo = BaseFrameTests;
		};
/* End PBXContainerItemProxy section */

/* Begin PBXCopyFilesBuildPhase section */
		9EB5CF00298D448D005B4A7C /* Embed Frameworks */ = {
			isa = PBXCopyFilesBuildPhase;
			buildActionMask = 2147483647;
			dstPath = "";
			dstSubfolderSpec = 10;
			files = (
				9EB5CEFF298D448D005B4A7C /* BaseFrame.framework in Embed Frameworks */,
			);
			name = "Embed Frameworks";
			runOnlyForDeploymentPostprocessing = 0;
		};
/* End PBXCopyFilesBuildPhase section */

/* Begin PBXFileReference section */
		9E03DCEF298D1C66006381E5 /* Sandeul.app */ = {isa = PBXFileReference; explicitFileType = wrapper.application; includeInIndex = 0; path = Sandeul.app; sourceTree = BUILT_PRODUCTS_DIR; };
		9E03DCF2298D1C66006381E5 /* AppDelegate.swift */ = {isa = PBXFileReference; lastKnownFileType = sourcecode.swift; path = AppDelegate.swift; sourceTree = "<group>"; };
		9E03DCF4298D1C66006381E5 /* SceneDelegate.swift */ = {isa = PBXFileReference; lastKnownFileType = sourcecode.swift; path = SceneDelegate.swift; sourceTree = "<group>"; };
		9E03DCFB298D1C69006381E5 /* Assets.xcassets */ = {isa = PBXFileReference; lastKnownFileType = folder.assetcatalog; path = Assets.xcassets; sourceTree = "<group>"; };
		9E03DCFE298D1C69006381E5 /* Base */ = {isa = PBXFileReference; lastKnownFileType = file.storyboard; name = Base; path = Base.lproj/LaunchScreen.storyboard; sourceTree = "<group>"; };
		9E03DD00298D1C69006381E5 /* Info.plist */ = {isa = PBXFileReference; lastKnownFileType = text.plist.xml; path = Info.plist; sourceTree = "<group>"; };
		9EB5CE99298D375F005B4A7C /* TabbarController.swift */ = {isa = PBXFileReference; lastKnownFileType = sourcecode.swift; path = TabbarController.swift; sourceTree = "<group>"; };
		9EB5CE9B298D37A2005B4A7C /* MainViewController.swift */ = {isa = PBXFileReference; lastKnownFileType = sourcecode.swift; path = MainViewController.swift; sourceTree = "<group>"; };
		9EB5CE9D298D37AF005B4A7C /* SearchViewController.swift */ = {isa = PBXFileReference; lastKnownFileType = sourcecode.swift; path = SearchViewController.swift; sourceTree = "<group>"; };
		9EB5CE9F298D37C4005B4A7C /* DiaryViewController.swift */ = {isa = PBXFileReference; lastKnownFileType = sourcecode.swift; path = DiaryViewController.swift; sourceTree = "<group>"; };
		9EB5CEA1298D3CBB005B4A7C /* Color.swift */ = {isa = PBXFileReference; lastKnownFileType = sourcecode.swift; path = Color.swift; sourceTree = "<group>"; };
		9EB5CEA3298D3D71005B4A7C /* SettingViewController.swift */ = {isa = PBXFileReference; lastKnownFileType = sourcecode.swift; path = SettingViewController.swift; sourceTree = "<group>"; };
		9EB5CEAB298D3E50005B4A7C /* MainView.swift */ = {isa = PBXFileReference; lastKnownFileType = sourcecode.swift; path = MainView.swift; sourceTree = "<group>"; };
		9EB5CEF3298D4364005B4A7C /* BaseFrame.xcodeproj */ = {isa = PBXFileReference; lastKnownFileType = "wrapper.pb-project"; name = BaseFrame.xcodeproj; path = BaseFrame/BaseFrame.xcodeproj; sourceTree = SOURCE_ROOT; };
/* End PBXFileReference section */

/* Begin PBXFrameworksBuildPhase section */
		9E03DCEC298D1C66006381E5 /* Frameworks */ = {
			isa = PBXFrameworksBuildPhase;
			buildActionMask = 2147483647;
			files = (
				9EB5CEFE298D448D005B4A7C /* BaseFrame.framework in Frameworks */,
			);
			runOnlyForDeploymentPostprocessing = 0;
		};
/* End PBXFrameworksBuildPhase section */

/* Begin PBXGroup section */
		9E03DCE6298D1C66006381E5 = {
			isa = PBXGroup;
			children = (
				9EB5CEDE298D4285005B4A7C /* MyFramework */,
				9E03DCF1298D1C66006381E5 /* Sandeul */,
				9E03DCF0298D1C66006381E5 /* Products */,
				9EB5CEFD298D4460005B4A7C /* Frameworks */,
			);
			sourceTree = "<group>";
		};
		9E03DCF0298D1C66006381E5 /* Products */ = {
			isa = PBXGroup;
			children = (
				9E03DCEF298D1C66006381E5 /* Sandeul.app */,
			);
			name = Products;
			sourceTree = "<group>";
		};
		9E03DCF1298D1C66006381E5 /* Sandeul */ = {
			isa = PBXGroup;
			children = (
				9EB5CE98298D1D9E005B4A7C /* App */,
				9EB5CEB5298D4116005B4A7C /* Realm */,
				9EB5CEB3298D4101005B4A7C /* Network */,
				9E03DD08298D1D00006381E5 /* Global */,
				9E03DD06298D1CF4006381E5 /* Presentation */,
				9E03DCFB298D1C69006381E5 /* Assets.xcassets */,
				9E03DD00298D1C69006381E5 /* Info.plist */,
			);
			path = Sandeul;
			sourceTree = "<group>";
		};
		9E03DD06298D1CF4006381E5 /* Presentation */ = {
			isa = PBXGroup;
			children = (
				9EB5CEAA298D3E30005B4A7C /* SettingTab */,
				9EB5CEA9298D3E29005B4A7C /* DiaryTab */,
				9EB5CEA8298D3E22005B4A7C /* SearchTab */,
				9EB5CEA7298D3E16005B4A7C /* MainTab */,
				9EB5CEA6298D3E0E005B4A7C /* Onboard */,
				9EB5CEA5298D3E07005B4A7C /* Tabbar */,
			);
			path = Presentation;
			sourceTree = "<group>";
		};
		9E03DD07298D1CFB006381E5 /* Resource */ = {
			isa = PBXGroup;
			children = (
				9EB5CEA1298D3CBB005B4A7C /* Color.swift */,
			);
			path = Resource;
			sourceTree = "<group>";
		};
		9E03DD08298D1D00006381E5 /* Global */ = {
			isa = PBXGroup;
			children = (
				9E03DD07298D1CFB006381E5 /* Resource */,
			);
			path = Global;
			sourceTree = "<group>";
		};
		9EB5CE98298D1D9E005B4A7C /* App */ = {
			isa = PBXGroup;
			children = (
				9E03DCF4298D1C66006381E5 /* SceneDelegate.swift */,
				9E03DCF2298D1C66006381E5 /* AppDelegate.swift */,
				9E03DCFD298D1C69006381E5 /* LaunchScreen.storyboard */,
			);
			path = App;
			sourceTree = "<group>";
		};
		9EB5CEA5298D3E07005B4A7C /* Tabbar */ = {
			isa = PBXGroup;
			children = (
				9EB5CE99298D375F005B4A7C /* TabbarController.swift */,
			);
			path = Tabbar;
			sourceTree = "<group>";
		};
		9EB5CEA6298D3E0E005B4A7C /* Onboard */ = {
			isa = PBXGroup;
			children = (
			);
			path = Onboard;
			sourceTree = "<group>";
		};
		9EB5CEA7298D3E16005B4A7C /* MainTab */ = {
			isa = PBXGroup;
			children = (
				9EB5CE9B298D37A2005B4A7C /* MainViewController.swift */,
				9EB5CEAB298D3E50005B4A7C /* MainView.swift */,
			);
			path = MainTab;
			sourceTree = "<group>";
		};
		9EB5CEA8298D3E22005B4A7C /* SearchTab */ = {
			isa = PBXGroup;
			children = (
				9EB5CE9D298D37AF005B4A7C /* SearchViewController.swift */,
			);
			path = SearchTab;
			sourceTree = "<group>";
		};
		9EB5CEA9298D3E29005B4A7C /* DiaryTab */ = {
			isa = PBXGroup;
			children = (
				9EB5CE9F298D37C4005B4A7C /* DiaryViewController.swift */,
			);
			path = DiaryTab;
			sourceTree = "<group>";
		};
		9EB5CEAA298D3E30005B4A7C /* SettingTab */ = {
			isa = PBXGroup;
			children = (
				9EB5CEA3298D3D71005B4A7C /* SettingViewController.swift */,
			);
			path = SettingTab;
			sourceTree = "<group>";
		};
		9EB5CEB3298D4101005B4A7C /* Network */ = {
			isa = PBXGroup;
			children = (
			);
			path = Network;
			sourceTree = "<group>";
		};
		9EB5CEB5298D4116005B4A7C /* Realm */ = {
			isa = PBXGroup;
			children = (
			);
			path = Realm;
			sourceTree = "<group>";
		};
		9EB5CEDE298D4285005B4A7C /* MyFramework */ = {
			isa = PBXGroup;
			children = (
				9EB5CEF3298D4364005B4A7C /* BaseFrame.xcodeproj */,
			);
			path = MyFramework;
			sourceTree = "<group>";
		};
		9EB5CEF4298D4364005B4A7C /* Products */ = {
			isa = PBXGroup;
			children = (
				9EB5CEF9298D4364005B4A7C /* BaseFrame.framework */,
				9EB5CEFB298D4364005B4A7C /* BaseFrameTests.xctest */,
			);
			name = Products;
			sourceTree = "<group>";
		};
		9EB5CEFD298D4460005B4A7C /* Frameworks */ = {
			isa = PBXGroup;
			children = (
			);
			name = Frameworks;
			sourceTree = "<group>";
		};
/* End PBXGroup section */

/* Begin PBXNativeTarget section */
		9E03DCEE298D1C66006381E5 /* Sandeul */ = {
			isa = PBXNativeTarget;
			buildConfigurationList = 9E03DD03298D1C69006381E5 /* Build configuration list for PBXNativeTarget "Sandeul" */;
			buildPhases = (
				9E03DCEB298D1C66006381E5 /* Sources */,
				9E03DCEC298D1C66006381E5 /* Frameworks */,
				9E03DCED298D1C66006381E5 /* Resources */,
				9EB5CF00298D448D005B4A7C /* Embed Frameworks */,
			);
			buildRules = (
			);
			dependencies = (
			);
			name = Sandeul;
			productName = Sandeul;
			productReference = 9E03DCEF298D1C66006381E5 /* Sandeul.app */;
			productType = "com.apple.product-type.application";
		};
/* End PBXNativeTarget section */

/* Begin PBXProject section */
		9E03DCE7298D1C66006381E5 /* Project object */ = {
			isa = PBXProject;
			attributes = {
				BuildIndependentTargetsInParallel = 1;
				LastSwiftUpdateCheck = 1410;
				LastUpgradeCheck = 1410;
				TargetAttributes = {
					9E03DCEE298D1C66006381E5 = {
						CreatedOnToolsVersion = 14.1;
					};
				};
			};
			buildConfigurationList = 9E03DCEA298D1C66006381E5 /* Build configuration list for PBXProject "Sandeul" */;
			compatibilityVersion = "Xcode 14.0";
			developmentRegion = en;
			hasScannedForEncodings = 0;
			knownRegions = (
				en,
				Base,
			);
			mainGroup = 9E03DCE6298D1C66006381E5;
			productRefGroup = 9E03DCF0298D1C66006381E5 /* Products */;
			projectDirPath = "";
			projectReferences = (
				{
					ProductGroup = 9EB5CEF4298D4364005B4A7C /* Products */;
					ProjectRef = 9EB5CEF3298D4364005B4A7C /* BaseFrame.xcodeproj */;
				},
			);
			projectRoot = "";
			targets = (
				9E03DCEE298D1C66006381E5 /* Sandeul */,
			);
		};
/* End PBXProject section */

/* Begin PBXReferenceProxy section */
		9EB5CEF9298D4364005B4A7C /* BaseFrame.framework */ = {
			isa = PBXReferenceProxy;
			fileType = wrapper.framework;
			path = BaseFrame.framework;
			remoteRef = 9EB5CEF8298D4364005B4A7C /* PBXContainerItemProxy */;
			sourceTree = BUILT_PRODUCTS_DIR;
		};
		9EB5CEFB298D4364005B4A7C /* BaseFrameTests.xctest */ = {
			isa = PBXReferenceProxy;
			fileType = wrapper.cfbundle;
			path = BaseFrameTests.xctest;
			remoteRef = 9EB5CEFA298D4364005B4A7C /* PBXContainerItemProxy */;
			sourceTree = BUILT_PRODUCTS_DIR;
		};
/* End PBXReferenceProxy section */

/* Begin PBXResourcesBuildPhase section */
		9E03DCED298D1C66006381E5 /* Resources */ = {
			isa = PBXResourcesBuildPhase;
			buildActionMask = 2147483647;
			files = (
				9E03DCFF298D1C69006381E5 /* LaunchScreen.storyboard in Resources */,
				9E03DCFC298D1C69006381E5 /* Assets.xcassets in Resources */,
			);
			runOnlyForDeploymentPostprocessing = 0;
		};
/* End PBXResourcesBuildPhase section */

/* Begin PBXSourcesBuildPhase section */
		9E03DCEB298D1C66006381E5 /* Sources */ = {
			isa = PBXSourcesBuildPhase;
			buildActionMask = 2147483647;
			files = (
				9EB5CE9E298D37AF005B4A7C /* SearchViewController.swift in Sources */,
				9EB5CEAC298D3E50005B4A7C /* MainView.swift in Sources */,
				9E03DCF3298D1C66006381E5 /* AppDelegate.swift in Sources */,
				9EB5CEA2298D3CBB005B4A7C /* Color.swift in Sources */,
				9EB5CEA4298D3D71005B4A7C /* SettingViewController.swift in Sources */,
				9EB5CE9A298D375F005B4A7C /* TabbarController.swift in Sources */,
				9E03DCF5298D1C66006381E5 /* SceneDelegate.swift in Sources */,
				9EB5CEA0298D37C4005B4A7C /* DiaryViewController.swift in Sources */,
				9EB5CE9C298D37A2005B4A7C /* MainViewController.swift in Sources */,
			);
			runOnlyForDeploymentPostprocessing = 0;
		};
/* End PBXSourcesBuildPhase section */

/* Begin PBXVariantGroup section */
		9E03DCFD298D1C69006381E5 /* LaunchScreen.storyboard */ = {
			isa = PBXVariantGroup;
			children = (
				9E03DCFE298D1C69006381E5 /* Base */,
			);
			name = LaunchScreen.storyboard;
			sourceTree = "<group>";
		};
/* End PBXVariantGroup section */

/* Begin XCBuildConfiguration section */
		9E03DD01298D1C69006381E5 /* Debug */ = {
			isa = XCBuildConfiguration;
			buildSettings = {
				ALWAYS_SEARCH_USER_PATHS = NO;
				CLANG_ANALYZER_NONNULL = YES;
				CLANG_ANALYZER_NUMBER_OBJECT_CONVERSION = YES_AGGRESSIVE;
				CLANG_CXX_LANGUAGE_STANDARD = "gnu++20";
				CLANG_ENABLE_MODULES = YES;
				CLANG_ENABLE_OBJC_ARC = YES;
				CLANG_ENABLE_OBJC_WEAK = YES;
				CLANG_WARN_BLOCK_CAPTURE_AUTORELEASING = YES;
				CLANG_WARN_BOOL_CONVERSION = YES;
				CLANG_WARN_COMMA = YES;
				CLANG_WARN_CONSTANT_CONVERSION = YES;
				CLANG_WARN_DEPRECATED_OBJC_IMPLEMENTATIONS = YES;
				CLANG_WARN_DIRECT_OBJC_ISA_USAGE = YES_ERROR;
				CLANG_WARN_DOCUMENTATION_COMMENTS = YES;
				CLANG_WARN_EMPTY_BODY = YES;
				CLANG_WARN_ENUM_CONVERSION = YES;
				CLANG_WARN_INFINITE_RECURSION = YES;
				CLANG_WARN_INT_CONVERSION = YES;
				CLANG_WARN_NON_LITERAL_NULL_CONVERSION = YES;
				CLANG_WARN_OBJC_IMPLICIT_RETAIN_SELF = YES;
				CLANG_WARN_OBJC_LITERAL_CONVERSION = YES;
				CLANG_WARN_OBJC_ROOT_CLASS = YES_ERROR;
				CLANG_WARN_QUOTED_INCLUDE_IN_FRAMEWORK_HEADER = YES;
				CLANG_WARN_RANGE_LOOP_ANALYSIS = YES;
				CLANG_WARN_STRICT_PROTOTYPES = YES;
				CLANG_WARN_SUSPICIOUS_MOVE = YES;
				CLANG_WARN_UNGUARDED_AVAILABILITY = YES_AGGRESSIVE;
				CLANG_WARN_UNREACHABLE_CODE = YES;
				CLANG_WARN__DUPLICATE_METHOD_MATCH = YES;
				COPY_PHASE_STRIP = NO;
				DEBUG_INFORMATION_FORMAT = dwarf;
				ENABLE_STRICT_OBJC_MSGSEND = YES;
				ENABLE_TESTABILITY = YES;
				GCC_C_LANGUAGE_STANDARD = gnu11;
				GCC_DYNAMIC_NO_PIC = NO;
				GCC_NO_COMMON_BLOCKS = YES;
				GCC_OPTIMIZATION_LEVEL = 0;
				GCC_PREPROCESSOR_DEFINITIONS = (
					"DEBUG=1",
					"$(inherited)",
				);
				GCC_WARN_64_TO_32_BIT_CONVERSION = YES;
				GCC_WARN_ABOUT_RETURN_TYPE = YES_ERROR;
				GCC_WARN_UNDECLARED_SELECTOR = YES;
				GCC_WARN_UNINITIALIZED_AUTOS = YES_AGGRESSIVE;
				GCC_WARN_UNUSED_FUNCTION = YES;
				GCC_WARN_UNUSED_VARIABLE = YES;
				IPHONEOS_DEPLOYMENT_TARGET = 15.0;
				MTL_ENABLE_DEBUG_INFO = INCLUDE_SOURCE;
				MTL_FAST_MATH = YES;
				ONLY_ACTIVE_ARCH = YES;
				SDKROOT = iphoneos;
				SWIFT_ACTIVE_COMPILATION_CONDITIONS = DEBUG;
				SWIFT_OPTIMIZATION_LEVEL = "-Onone";
			};
			name = Debug;
		};
		9E03DD02298D1C69006381E5 /* Release */ = {
			isa = XCBuildConfiguration;
			buildSettings = {
				ALWAYS_SEARCH_USER_PATHS = NO;
				CLANG_ANALYZER_NONNULL = YES;
				CLANG_ANALYZER_NUMBER_OBJECT_CONVERSION = YES_AGGRESSIVE;
				CLANG_CXX_LANGUAGE_STANDARD = "gnu++20";
				CLANG_ENABLE_MODULES = YES;
				CLANG_ENABLE_OBJC_ARC = YES;
				CLANG_ENABLE_OBJC_WEAK = YES;
				CLANG_WARN_BLOCK_CAPTURE_AUTORELEASING = YES;
				CLANG_WARN_BOOL_CONVERSION = YES;
				CLANG_WARN_COMMA = YES;
				CLANG_WARN_CONSTANT_CONVERSION = YES;
				CLANG_WARN_DEPRECATED_OBJC_IMPLEMENTATIONS = YES;
				CLANG_WARN_DIRECT_OBJC_ISA_USAGE = YES_ERROR;
				CLANG_WARN_DOCUMENTATION_COMMENTS = YES;
				CLANG_WARN_EMPTY_BODY = YES;
				CLANG_WARN_ENUM_CONVERSION = YES;
				CLANG_WARN_INFINITE_RECURSION = YES;
				CLANG_WARN_INT_CONVERSION = YES;
				CLANG_WARN_NON_LITERAL_NULL_CONVERSION = YES;
				CLANG_WARN_OBJC_IMPLICIT_RETAIN_SELF = YES;
				CLANG_WARN_OBJC_LITERAL_CONVERSION = YES;
				CLANG_WARN_OBJC_ROOT_CLASS = YES_ERROR;
				CLANG_WARN_QUOTED_INCLUDE_IN_FRAMEWORK_HEADER = YES;
				CLANG_WARN_RANGE_LOOP_ANALYSIS = YES;
				CLANG_WARN_STRICT_PROTOTYPES = YES;
				CLANG_WARN_SUSPICIOUS_MOVE = YES;
				CLANG_WARN_UNGUARDED_AVAILABILITY = YES_AGGRESSIVE;
				CLANG_WARN_UNREACHABLE_CODE = YES;
				CLANG_WARN__DUPLICATE_METHOD_MATCH = YES;
				COPY_PHASE_STRIP = NO;
				DEBUG_INFORMATION_FORMAT = "dwarf-with-dsym";
				ENABLE_NS_ASSERTIONS = NO;
				ENABLE_STRICT_OBJC_MSGSEND = YES;
				GCC_C_LANGUAGE_STANDARD = gnu11;
				GCC_NO_COMMON_BLOCKS = YES;
				GCC_WARN_64_TO_32_BIT_CONVERSION = YES;
				GCC_WARN_ABOUT_RETURN_TYPE = YES_ERROR;
				GCC_WARN_UNDECLARED_SELECTOR = YES;
				GCC_WARN_UNINITIALIZED_AUTOS = YES_AGGRESSIVE;
				GCC_WARN_UNUSED_FUNCTION = YES;
				GCC_WARN_UNUSED_VARIABLE = YES;
				IPHONEOS_DEPLOYMENT_TARGET = 15.0;
				MTL_ENABLE_DEBUG_INFO = NO;
				MTL_FAST_MATH = YES;
				SDKROOT = iphoneos;
				SWIFT_COMPILATION_MODE = wholemodule;
				SWIFT_OPTIMIZATION_LEVEL = "-O";
				VALIDATE_PRODUCT = YES;
			};
			name = Release;
		};
		9E03DD04298D1C69006381E5 /* Debug */ = {
			isa = XCBuildConfiguration;
			buildSettings = {
				ASSETCATALOG_COMPILER_APPICON_NAME = AppIcon;
				ASSETCATALOG_COMPILER_GLOBAL_ACCENT_COLOR_NAME = AccentColor;
				CODE_SIGN_STYLE = Automatic;
				CURRENT_PROJECT_VERSION = 1;
				DEVELOPMENT_TEAM = K27UK338MM;
				GENERATE_INFOPLIST_FILE = YES;
				INFOPLIST_FILE = Sandeul/Info.plist;
				INFOPLIST_KEY_UIApplicationSupportsIndirectInputEvents = YES;
				INFOPLIST_KEY_UILaunchStoryboardName = LaunchScreen;
				INFOPLIST_KEY_UISupportedInterfaceOrientations_iPad = "UIInterfaceOrientationPortrait UIInterfaceOrientationPortraitUpsideDown UIInterfaceOrientationLandscapeLeft UIInterfaceOrientationLandscapeRight";
				INFOPLIST_KEY_UISupportedInterfaceOrientations_iPhone = "UIInterfaceOrientationPortrait UIInterfaceOrientationLandscapeLeft UIInterfaceOrientationLandscapeRight";
				IPHONEOS_DEPLOYMENT_TARGET = 15.0;
				LD_RUNPATH_SEARCH_PATHS = (
					"$(inherited)",
					"@executable_path/Frameworks",
				);
				MARKETING_VERSION = 2.0;
				PRODUCT_BUNDLE_IDENTIFIER = com.Anniekang.Sandeul;
				PRODUCT_NAME = "$(TARGET_NAME)";
				SWIFT_EMIT_LOC_STRINGS = YES;
				SWIFT_VERSION = 5.0;
				TARGETED_DEVICE_FAMILY = 1;
			};
			name = Debug;
		};
		9E03DD05298D1C69006381E5 /* Release */ = {
			isa = XCBuildConfiguration;
			buildSettings = {
				ASSETCATALOG_COMPILER_APPICON_NAME = AppIcon;
				ASSETCATALOG_COMPILER_GLOBAL_ACCENT_COLOR_NAME = AccentColor;
				CODE_SIGN_STYLE = Automatic;
				CURRENT_PROJECT_VERSION = 1;
				DEVELOPMENT_TEAM = K27UK338MM;
				GENERATE_INFOPLIST_FILE = YES;
				INFOPLIST_FILE = Sandeul/Info.plist;
				INFOPLIST_KEY_UIApplicationSupportsIndirectInputEvents = YES;
				INFOPLIST_KEY_UILaunchStoryboardName = LaunchScreen;
				INFOPLIST_KEY_UISupportedInterfaceOrientations_iPad = "UIInterfaceOrientationPortrait UIInterfaceOrientationPortraitUpsideDown UIInterfaceOrientationLandscapeLeft UIInterfaceOrientationLandscapeRight";
				INFOPLIST_KEY_UISupportedInterfaceOrientations_iPhone = "UIInterfaceOrientationPortrait UIInterfaceOrientationLandscapeLeft UIInterfaceOrientationLandscapeRight";
				IPHONEOS_DEPLOYMENT_TARGET = 15.0;
				LD_RUNPATH_SEARCH_PATHS = (
					"$(inherited)",
					"@executable_path/Frameworks",
				);
				MARKETING_VERSION = 2.0;
				PRODUCT_BUNDLE_IDENTIFIER = com.Anniekang.Sandeul;
				PRODUCT_NAME = "$(TARGET_NAME)";
				SWIFT_EMIT_LOC_STRINGS = YES;
				SWIFT_VERSION = 5.0;
				TARGETED_DEVICE_FAMILY = 1;
			};
			name = Release;
		};
/* End XCBuildConfiguration section */

/* Begin XCConfigurationList section */
		9E03DCEA298D1C66006381E5 /* Build configuration list for PBXProject "Sandeul" */ = {
			isa = XCConfigurationList;
			buildConfigurations = (
				9E03DD01298D1C69006381E5 /* Debug */,
				9E03DD02298D1C69006381E5 /* Release */,
			);
			defaultConfigurationIsVisible = 0;
			defaultConfigurationName = Release;
		};
		9E03DD03298D1C69006381E5 /* Build configuration list for PBXNativeTarget "Sandeul" */ = {
			isa = XCConfigurationList;
			buildConfigurations = (
				9E03DD04298D1C69006381E5 /* Debug */,
				9E03DD05298D1C69006381E5 /* Release */,
			);
			defaultConfigurationIsVisible = 0;
			defaultConfigurationName = Release;
		};
/* End XCConfigurationList section */
	};
	rootObject = 9E03DCE7298D1C66006381E5 /* Project object */;
}
